
Microsoft Visual Studio Solution File, Format Version 12.00
# Visual Studio Version 17
VisualStudioVersion = 17.7.34009.444
MinimumVisualStudioVersion = 10.0.40219.1
Project("{2150E333-8FDC-42A3-9474-1A3956D46DE8}") = "Threading", "Threading", "{D3040C4F-4BA9-43EF-8416-7341D9444537}"
EndProject
Project("{FAE04EC0-301F-11D3-BF4B-00C04F79EFBC}") = "ParallelProgramming", "ParallelProgramming\ParallelProgramming.csproj", "{9B729B43-4BF4-4F4B-8AF9-B633297466D1}"
EndProject
Global
	GlobalSection(SolutionConfigurationPlatforms) = preSolution
		Debug|Any CPU = Debug|Any CPU
		Release|Any CPU = Release|Any CPU
	EndGlobalSection
	GlobalSection(ProjectConfigurationPlatforms) = postSolution
		{9B729B43-4BF4-4F4B-8AF9-B633297466D1}.Debug|Any CPU.ActiveCfg = Debug|Any CPU
		{9B729B43-4BF4-4F4B-8AF9-B633297466D1}.Debug|Any CPU.Build.0 = Debug|Any CPU
		{9B729B43-4BF4-4F4B-8AF9-B633297466D1}.Release|Any CPU.ActiveCfg = Release|Any CPU
		{9B729B43-4BF4-4F4B-8AF9-B633297466D1}.Release|Any CPU.Build.0 = Release|Any CPU
	EndGlobalSection
	GlobalSection(SolutionProperties) = preSolution
		HideSolutionNode = FALSE
	EndGlobalSection
	GlobalSection(NestedProjects) = preSolution
		{9B729B43-4BF4-4F4B-8AF9-B633297466D1} = {D3040C4F-4BA9-43EF-8416-7341D9444537}
	EndGlobalSection
	GlobalSection(ExtensibilityGlobals) = postSolution
		SolutionGuid = {1454FB82-EF06-4F24-9AF5-8B4B61FFA773}
	EndGlobalSection
EndGlobal
